
Microsoft Visual Studio Solution File, Format Version 12.00
# Visual Studio 15
VisualStudioVersion = 15.0.28307.438
MinimumVisualStudioVersion = 10.0.40219.1
Project("{FAE04EC0-301F-11D3-BF4B-00C04F79EFBC}") = "ListProject", "ListProject\ListProject.csproj", "{A7C20AB8-DB27-473E-BB35-0418400FBB39}"
EndProject
Project("{FAE04EC0-301F-11D3-BF4B-00C04F79EFBC}") = "ListProjectTest", "ListProjectTest\ListProjectTest.csproj", "{1C010C11-8C5F-412E-8D86-A54A9D96F34C}"
EndProject
Global
	GlobalSection(SolutionConfigurationPlatforms) = preSolution
		Debug|Any CPU = Debug|Any CPU
		Release|Any CPU = Release|Any CPU
	EndGlobalSection
	GlobalSection(ProjectConfigurationPlatforms) = postSolution
		{A7C20AB8-DB27-473E-BB35-0418400FBB39}.Debug|Any CPU.ActiveCfg = Debug|Any CPU
		{A7C20AB8-DB27-473E-BB35-0418400FBB39}.Debug|Any CPU.Build.0 = Debug|Any CPU
		{A7C20AB8-DB27-473E-BB35-0418400FBB39}.Release|Any CPU.ActiveCfg = Release|Any CPU
		{A7C20AB8-DB27-473E-BB35-0418400FBB39}.Release|Any CPU.Build.0 = Release|Any CPU
		{1C010C11-8C5F-412E-8D86-A54A9D96F34C}.Debug|Any CPU.ActiveCfg = Debug|Any CPU
		{1C010C11-8C5F-412E-8D86-A54A9D96F34C}.Debug|Any CPU.Build.0 = Debug|Any CPU
		{1C010C11-8C5F-412E-8D86-A54A9D96F34C}.Release|Any CPU.ActiveCfg = Release|Any CPU
		{1C010C11-8C5F-412E-8D86-A54A9D96F34C}.Release|Any CPU.Build.0 = Release|Any CPU
	EndGlobalSection
	GlobalSection(SolutionProperties) = preSolution
		HideSolutionNode = FALSE
	EndGlobalSection
	GlobalSection(ExtensibilityGlobals) = postSolution
		SolutionGuid = {2C3DC797-3764-4F24-A03F-E964E4F4710A}
	EndGlobalSection
EndGlobal
